// !$*UTF8*$!
{
	archiveVersion = 1;
	classes = {
	};
	objectVersion = 46;
	objects = {

/* Begin PBXBuildFile section */
		C6AE93351D8E6F5500DD20AC /* LoginViewController.swift in Sources */ = {isa = PBXBuildFile; fileRef = C6AE93341D8E6F5500DD20AC /* LoginViewController.swift */; };
		C6AE93371D8E7BD400DD20AC /* NotesTableViewController.swift in Sources */ = {isa = PBXBuildFile; fileRef = C6AE93361D8E7BD400DD20AC /* NotesTableViewController.swift */; };
		C6AEFA7D1D8E389500B788F2 /* TextViewController.swift in Sources */ = {isa = PBXBuildFile; fileRef = C6AEFA7C1D8E389500B788F2 /* TextViewController.swift */; };
		C6CDF88E1D8DD28B00FB9177 /* AppDelegate.swift in Sources */ = {isa = PBXBuildFile; fileRef = C6CDF88D1D8DD28B00FB9177 /* AppDelegate.swift */; };
		C6CDF8901D8DD28B00FB9177 /* ViewController.swift in Sources */ = {isa = PBXBuildFile; fileRef = C6CDF88F1D8DD28B00FB9177 /* ViewController.swift */; };
		C6CDF8931D8DD28B00FB9177 /* Main.storyboard in Resources */ = {isa = PBXBuildFile; fileRef = C6CDF8911D8DD28B00FB9177 /* Main.storyboard */; };
		C6CDF8951D8DD28B00FB9177 /* Assets.xcassets in Resources */ = {isa = PBXBuildFile; fileRef = C6CDF8941D8DD28B00FB9177 /* Assets.xcassets */; };
		C6CDF8981D8DD28B00FB9177 /* LaunchScreen.storyboard in Resources */ = {isa = PBXBuildFile; fileRef = C6CDF8961D8DD28B00FB9177 /* LaunchScreen.storyboard */; };
		C6F4AE7B1D8E8C4200EC2C83 /* SwiftyJSON.xcworkspace in Resources */ = {isa = PBXBuildFile; fileRef = C6F4AE7A1D8E8C4200EC2C83 /* SwiftyJSON.xcworkspace */; };
		DC92B37F261C2D7828D63928 /* Pods_spd.framework in Frameworks */ = {isa = PBXBuildFile; fileRef = 0C6BA09F0B8C617B8706C9D0 /* Pods_spd.framework */; };
/* End PBXBuildFile section */

/* Begin PBXFileReference section */
		0C6BA09F0B8C617B8706C9D0 /* Pods_spd.framework */ = {isa = PBXFileReference; explicitFileType = wrapper.framework; includeInIndex = 0; path = Pods_spd.framework; sourceTree = BUILT_PRODUCTS_DIR; };
		35C5EA9603F34F85EA8EE112 /* Pods-spd.debug.xcconfig */ = {isa = PBXFileReference; includeInIndex = 1; lastKnownFileType = text.xcconfig; name = "Pods-spd.debug.xcconfig"; path = "Pods/Target Support Files/Pods-spd/Pods-spd.debug.xcconfig"; sourceTree = "<group>"; };
		A362B9E70D94A46E2959A0AD /* Pods-spd.release.xcconfig */ = {isa = PBXFileReference; includeInIndex = 1; lastKnownFileType = text.xcconfig; name = "Pods-spd.release.xcconfig"; path = "Pods/Target Support Files/Pods-spd/Pods-spd.release.xcconfig"; sourceTree = "<group>"; };
		C6AE93311D8E636100DD20AC /* spd-Bridging-Header.h */ = {isa = PBXFileReference; lastKnownFileType = sourcecode.c.h; path = "spd-Bridging-Header.h"; sourceTree = "<group>"; };
		C6AE93341D8E6F5500DD20AC /* LoginViewController.swift */ = {isa = PBXFileReference; fileEncoding = 4; lastKnownFileType = sourcecode.swift; path = LoginViewController.swift; sourceTree = "<group>"; };
		C6AE93361D8E7BD400DD20AC /* NotesTableViewController.swift */ = {isa = PBXFileReference; fileEncoding = 4; lastKnownFileType = sourcecode.swift; path = NotesTableViewController.swift; sourceTree = "<group>"; };
		C6AEFA7C1D8E389500B788F2 /* TextViewController.swift */ = {isa = PBXFileReference; fileEncoding = 4; lastKnownFileType = sourcecode.swift; path = TextViewController.swift; sourceTree = "<group>"; };
		C6CDF88A1D8DD28B00FB9177 /* spd.app */ = {isa = PBXFileReference; explicitFileType = wrapper.application; includeInIndex = 0; path = spd.app; sourceTree = BUILT_PRODUCTS_DIR; };
		C6CDF88D1D8DD28B00FB9177 /* AppDelegate.swift */ = {isa = PBXFileReference; lastKnownFileType = sourcecode.swift; path = AppDelegate.swift; sourceTree = "<group>"; };
		C6CDF88F1D8DD28B00FB9177 /* ViewController.swift */ = {isa = PBXFileReference; lastKnownFileType = sourcecode.swift; path = ViewController.swift; sourceTree = "<group>"; };
		C6CDF8921D8DD28B00FB9177 /* Base */ = {isa = PBXFileReference; lastKnownFileType = file.storyboard; name = Base; path = Base.lproj/Main.storyboard; sourceTree = "<group>"; };
		C6CDF8941D8DD28B00FB9177 /* Assets.xcassets */ = {isa = PBXFileReference; lastKnownFileType = folder.assetcatalog; path = Assets.xcassets; sourceTree = "<group>"; };
		C6CDF8971D8DD28B00FB9177 /* Base */ = {isa = PBXFileReference; lastKnownFileType = file.storyboard; name = Base; path = Base.lproj/LaunchScreen.storyboard; sourceTree = "<group>"; };
		C6CDF8991D8DD28B00FB9177 /* Info.plist */ = {isa = PBXFileReference; lastKnownFileType = text.plist.xml; path = Info.plist; sourceTree = "<group>"; };
		C6F4AE7A1D8E8C4200EC2C83 /* SwiftyJSON.xcworkspace */ = {isa = PBXFileReference; lastKnownFileType = wrapper.workspace; path = SwiftyJSON.xcworkspace; sourceTree = "<group>"; };
/* End PBXFileReference section */

/* Begin PBXFrameworksBuildPhase section */
		C6CDF8871D8DD28B00FB9177 /* Frameworks */ = {
			isa = PBXFrameworksBuildPhase;
			buildActionMask = 2147483647;
			files = (
				DC92B37F261C2D7828D63928 /* Pods_spd.framework in Frameworks */,
			);
			runOnlyForDeploymentPostprocessing = 0;
		};
/* End PBXFrameworksBuildPhase section */

/* Begin PBXGroup section */
		55546BFA9AAC76503CB67FEF /* Frameworks */ = {
			isa = PBXGroup;
			children = (
				0C6BA09F0B8C617B8706C9D0 /* Pods_spd.framework */,
			);
			name = Frameworks;
			sourceTree = "<group>";
		};
		C6CDF8811D8DD28B00FB9177 = {
			isa = PBXGroup;
			children = (
				C6CDF88C1D8DD28B00FB9177 /* spd */,
				C6CDF88B1D8DD28B00FB9177 /* Products */,
				D610F6A8EE2471B149052E32 /* Pods */,
				55546BFA9AAC76503CB67FEF /* Frameworks */,
			);
			sourceTree = "<group>";
		};
		C6CDF88B1D8DD28B00FB9177 /* Products */ = {
			isa = PBXGroup;
			children = (
				C6CDF88A1D8DD28B00FB9177 /* spd.app */,
			);
			name = Products;
			sourceTree = "<group>";
		};
		C6CDF88C1D8DD28B00FB9177 /* spd */ = {
			isa = PBXGroup;
			children = (
				C6CDF88D1D8DD28B00FB9177 /* AppDelegate.swift */,
				C6CDF88F1D8DD28B00FB9177 /* ViewController.swift */,
				C6AE93311D8E636100DD20AC /* spd-Bridging-Header.h */,
				C6CDF8911D8DD28B00FB9177 /* Main.storyboard */,
				C6AE93341D8E6F5500DD20AC /* LoginViewController.swift */,
				C6AEFA7C1D8E389500B788F2 /* TextViewController.swift */,
				C6AE93361D8E7BD400DD20AC /* NotesTableViewController.swift */,
				C6CDF8941D8DD28B00FB9177 /* Assets.xcassets */,
				C6CDF8961D8DD28B00FB9177 /* LaunchScreen.storyboard */,
				C6F4AE7A1D8E8C4200EC2C83 /* SwiftyJSON.xcworkspace */,
				C6CDF8991D8DD28B00FB9177 /* Info.plist */,
			);
			path = spd;
			sourceTree = "<group>";
		};
		D610F6A8EE2471B149052E32 /* Pods */ = {
			isa = PBXGroup;
			children = (
				35C5EA9603F34F85EA8EE112 /* Pods-spd.debug.xcconfig */,
				A362B9E70D94A46E2959A0AD /* Pods-spd.release.xcconfig */,
			);
			name = Pods;
			sourceTree = "<group>";
		};
/* End PBXGroup section */

/* Begin PBXNativeTarget section */
		C6CDF8891D8DD28B00FB9177 /* spd */ = {
			isa = PBXNativeTarget;
			buildConfigurationList = C6CDF89C1D8DD28B00FB9177 /* Build configuration list for PBXNativeTarget "spd" */;
			buildPhases = (
				51E847649A0A9F6E6C34B808 /* Check Pods Manifest.lock */,
				C6CDF8861D8DD28B00FB9177 /* Sources */,
				C6CDF8871D8DD28B00FB9177 /* Frameworks */,
				C6CDF8881D8DD28B00FB9177 /* Resources */,
				C25F46D002AAF1DDF400368F /* Embed Pods Frameworks */,
				B3044EEA31B5AC90E59AAF6F /* Copy Pods Resources */,
			);
			buildRules = (
			);
			dependencies = (
			);
			name = spd;
			productName = spd;
			productReference = C6CDF88A1D8DD28B00FB9177 /* spd.app */;
			productType = "com.apple.product-type.application";
		};
/* End PBXNativeTarget section */

/* Begin PBXProject section */
		C6CDF8821D8DD28B00FB9177 /* Project object */ = {
			isa = PBXProject;
			attributes = {
				LastSwiftUpdateCheck = 0730;
				LastUpgradeCheck = 0800;
				ORGANIZATIONNAME = "htn-ios";
				TargetAttributes = {
					C6CDF8891D8DD28B00FB9177 = {
						CreatedOnToolsVersion = 7.3;
						DevelopmentTeam = A9HY9HD523;
						LastSwiftMigration = 0800;
					};
				};
			};
			buildConfigurationList = C6CDF8851D8DD28B00FB9177 /* Build configuration list for PBXProject "spd" */;
			compatibilityVersion = "Xcode 3.2";
			developmentRegion = English;
			hasScannedForEncodings = 0;
			knownRegions = (
				en,
				Base,
			);
			mainGroup = C6CDF8811D8DD28B00FB9177;
			productRefGroup = C6CDF88B1D8DD28B00FB9177 /* Products */;
			projectDirPath = "";
			projectRoot = "";
			targets = (
				C6CDF8891D8DD28B00FB9177 /* spd */,
			);
		};
/* End PBXProject section */

/* Begin PBXResourcesBuildPhase section */
		C6CDF8881D8DD28B00FB9177 /* Resources */ = {
			isa = PBXResourcesBuildPhase;
			buildActionMask = 2147483647;
			files = (
				C6CDF8981D8DD28B00FB9177 /* LaunchScreen.storyboard in Resources */,
				C6CDF8951D8DD28B00FB9177 /* Assets.xcassets in Resources */,
				C6F4AE7B1D8E8C4200EC2C83 /* SwiftyJSON.xcworkspace in Resources */,
				C6CDF8931D8DD28B00FB9177 /* Main.storyboard in Resources */,
			);
			runOnlyForDeploymentPostprocessing = 0;
		};
/* End PBXResourcesBuildPhase section */

/* Begin PBXShellScriptBuildPhase section */
		51E847649A0A9F6E6C34B808 /* Check Pods Manifest.lock */ = {
			isa = PBXShellScriptBuildPhase;
			buildActionMask = 2147483647;
			files = (
			);
			inputPaths = (
			);
			name = "Check Pods Manifest.lock";
			outputPaths = (
			);
			runOnlyForDeploymentPostprocessing = 0;
			shellPath = /bin/sh;
			shellScript = "diff \"${PODS_ROOT}/../Podfile.lock\" \"${PODS_ROOT}/Manifest.lock\" > /dev/null\nif [[ $? != 0 ]] ; then\n    cat << EOM\nerror: The sandbox is not in sync with the Podfile.lock. Run 'pod install' or update your CocoaPods installation.\nEOM\n    exit 1\nfi\n";
			showEnvVarsInLog = 0;
		};
		B3044EEA31B5AC90E59AAF6F /* Copy Pods Resources */ = {
			isa = PBXShellScriptBuildPhase;
			buildActionMask = 2147483647;
			files = (
			);
			inputPaths = (
			);
			name = "Copy Pods Resources";
			outputPaths = (
			);
			runOnlyForDeploymentPostprocessing = 0;
			shellPath = /bin/sh;
			shellScript = "\"${SRCROOT}/Pods/Target Support Files/Pods-spd/Pods-spd-resources.sh\"\n";
			showEnvVarsInLog = 0;
		};
		C25F46D002AAF1DDF400368F /* Embed Pods Frameworks */ = {
			isa = PBXShellScriptBuildPhase;
			buildActionMask = 2147483647;
			files = (
			);
			inputPaths = (
			);
			name = "Embed Pods Frameworks";
			outputPaths = (
			);
			runOnlyForDeploymentPostprocessing = 0;
			shellPath = /bin/sh;
			shellScript = "\"${SRCROOT}/Pods/Target Support Files/Pods-spd/Pods-spd-frameworks.sh\"\n";
			showEnvVarsInLog = 0;
		};
/* End PBXShellScriptBuildPhase section */

/* Begin PBXSourcesBuildPhase section */
		C6CDF8861D8DD28B00FB9177 /* Sources */ = {
			isa = PBXSourcesBuildPhase;
			buildActionMask = 2147483647;
			files = (
				C6CDF8901D8DD28B00FB9177 /* ViewController.swift in Sources */,
				C6CDF88E1D8DD28B00FB9177 /* AppDelegate.swift in Sources */,
				C6AE93351D8E6F5500DD20AC /* LoginViewController.swift in Sources */,
				C6AEFA7D1D8E389500B788F2 /* TextViewController.swift in Sources */,
				C6AE93371D8E7BD400DD20AC /* NotesTableViewController.swift in Sources */,
			);
			runOnlyForDeploymentPostprocessing = 0;
		};
/* End PBXSourcesBuildPhase section */

/* Begin PBXVariantGroup section */
		C6CDF8911D8DD28B00FB9177 /* Main.storyboard */ = {
			isa = PBXVariantGroup;
			children = (
				C6CDF8921D8DD28B00FB9177 /* Base */,
			);
			name = Main.storyboard;
			sourceTree = "<group>";
		};
		C6CDF8961D8DD28B00FB9177 /* LaunchScreen.storyboard */ = {
			isa = PBXVariantGroup;
			children = (
				C6CDF8971D8DD28B00FB9177 /* Base */,
			);
			name = LaunchScreen.storyboard;
			sourceTree = "<group>";
		};
/* End PBXVariantGroup section */

/* Begin XCBuildConfiguration section */
		C6CDF89A1D8DD28B00FB9177 /* Debug */ = {
			isa = XCBuildConfiguration;
			buildSettings = {
				ALWAYS_SEARCH_USER_PATHS = NO;
				CLANG_ANALYZER_NONNULL = YES;
				CLANG_CXX_LANGUAGE_STANDARD = "gnu++0x";
				CLANG_CXX_LIBRARY = "libc++";
				CLANG_ENABLE_MODULES = YES;
				CLANG_ENABLE_OBJC_ARC = YES;
				CLANG_WARN_BOOL_CONVERSION = YES;
				CLANG_WARN_CONSTANT_CONVERSION = YES;
				CLANG_WARN_DIRECT_OBJC_ISA_USAGE = YES_ERROR;
				CLANG_WARN_EMPTY_BODY = YES;
				CLANG_WARN_ENUM_CONVERSION = YES;
				CLANG_WARN_INFINITE_RECURSION = YES;
				CLANG_WARN_INT_CONVERSION = YES;
				CLANG_WARN_OBJC_ROOT_CLASS = YES_ERROR;
				CLANG_WARN_SUSPICIOUS_MOVE = YES;
				CLANG_WARN_UNREACHABLE_CODE = YES;
				CLANG_WARN__DUPLICATE_METHOD_MATCH = YES;
				"CODE_SIGN_IDENTITY[sdk=iphoneos*]" = "iPhone Developer";
				COPY_PHASE_STRIP = NO;
				DEBUG_INFORMATION_FORMAT = dwarf;
				ENABLE_STRICT_OBJC_MSGSEND = YES;
				ENABLE_TESTABILITY = YES;
				GCC_C_LANGUAGE_STANDARD = gnu99;
				GCC_DYNAMIC_NO_PIC = NO;
				GCC_NO_COMMON_BLOCKS = YES;
				GCC_OPTIMIZATION_LEVEL = 0;
				GCC_PREPROCESSOR_DEFINITIONS = (
					"DEBUG=1",
					"$(inherited)",
				);
				GCC_WARN_64_TO_32_BIT_CONVERSION = YES;
				GCC_WARN_ABOUT_RETURN_TYPE = YES_ERROR;
				GCC_WARN_UNDECLARED_SELECTOR = YES;
				GCC_WARN_UNINITIALIZED_AUTOS = YES_AGGRESSIVE;
				GCC_WARN_UNUSED_FUNCTION = YES;
				GCC_WARN_UNUSED_VARIABLE = YES;
				IPHONEOS_DEPLOYMENT_TARGET = 9.3;
				MTL_ENABLE_DEBUG_INFO = YES;
				ONLY_ACTIVE_ARCH = YES;
				SDKROOT = iphoneos;
				SWIFT_OPTIMIZATION_LEVEL = "-Onone";
			};
			name = Debug;
		};
		C6CDF89B1D8DD28B00FB9177 /* Release */ = {
			isa = XCBuildConfiguration;
			buildSettings = {
				ALWAYS_SEARCH_USER_PATHS = NO;
				CLANG_ANALYZER_NONNULL = YES;
				CLANG_CXX_LANGUAGE_STANDARD = "gnu++0x";
				CLANG_CXX_LIBRARY = "libc++";
				CLANG_ENABLE_MODULES = YES;
				CLANG_ENABLE_OBJC_ARC = YES;
				CLANG_WARN_BOOL_CONVERSION = YES;
				CLANG_WARN_CONSTANT_CONVERSION = YES;
				CLANG_WARN_DIRECT_OBJC_ISA_USAGE = YES_ERROR;
				CLANG_WARN_EMPTY_BODY = YES;
				CLANG_WARN_ENUM_CONVERSION = YES;
				CLANG_WARN_INFINITE_RECURSION = YES;
				CLANG_WARN_INT_CONVERSION = YES;
				CLANG_WARN_OBJC_ROOT_CLASS = YES_ERROR;
				CLANG_WARN_SUSPICIOUS_MOVE = YES;
				CLANG_WARN_UNREACHABLE_CODE = YES;
				CLANG_WARN__DUPLICATE_METHOD_MATCH = YES;
				"CODE_SIGN_IDENTITY[sdk=iphoneos*]" = "iPhone Developer";
				COPY_PHASE_STRIP = NO;
				DEBUG_INFORMATION_FORMAT = "dwarf-with-dsym";
				ENABLE_NS_ASSERTIONS = NO;
				ENABLE_STRICT_OBJC_MSGSEND = YES;
				GCC_C_LANGUAGE_STANDARD = gnu99;
				GCC_NO_COMMON_BLOCKS = YES;
				GCC_WARN_64_TO_32_BIT_CONVERSION = YES;
				GCC_WARN_ABOUT_RETURN_TYPE = YES_ERROR;
				GCC_WARN_UNDECLARED_SELECTOR = YES;
				GCC_WARN_UNINITIALIZED_AUTOS = YES_AGGRESSIVE;
				GCC_WARN_UNUSED_FUNCTION = YES;
				GCC_WARN_UNUSED_VARIABLE = YES;
				IPHONEOS_DEPLOYMENT_TARGET = 9.3;
				MTL_ENABLE_DEBUG_INFO = NO;
				SDKROOT = iphoneos;
				SWIFT_OPTIMIZATION_LEVEL = "-Owholemodule";
				VALIDATE_PRODUCT = YES;
			};
			name = Release;
		};
		C6CDF89D1D8DD28B00FB9177 /* Debug */ = {
			isa = XCBuildConfiguration;
			baseConfigurationReference = 35C5EA9603F34F85EA8EE112 /* Pods-spd.debug.xcconfig */;
			buildSettings = {
				ALWAYS_EMBED_SWIFT_STANDARD_LIBRARIES = YES;
				ASSETCATALOG_COMPILER_APPICON_NAME = AppIcon;
				CLANG_ENABLE_MODULES = YES;
				DEVELOPMENT_TEAM = A9HY9HD523;
				INFOPLIST_FILE = spd/Info.plist;
				IPHONEOS_DEPLOYMENT_TARGET = 9.3;
				LD_RUNPATH_SEARCH_PATHS = "$(inherited) @executable_path/Frameworks";
				PRODUCT_BUNDLE_IDENTIFIER = htn.spd;
				PRODUCT_NAME = "$(TARGET_NAME)";
				SWIFT_OBJC_BRIDGING_HEADER = "spd/spd-Bridging-Header.h";
				SWIFT_OPTIMIZATION_LEVEL = "-Onone";
				SWIFT_VERSION = 3.0;
			};
			name = Debug;
		};
		C6CDF89E1D8DD28B00FB9177 /* Release */ = {
			isa = XCBuildConfiguration;
			baseConfigurationReference = A362B9E70D94A46E2959A0AD /* Pods-spd.release.xcconfig */;
			buildSettings = {
				ALWAYS_EMBED_SWIFT_STANDARD_LIBRARIES = YES;
				ASSETCATALOG_COMPILER_APPICON_NAME = AppIcon;
				CLANG_ENABLE_MODULES = YES;
				DEVELOPMENT_TEAM = A9HY9HD523;
				INFOPLIST_FILE = spd/Info.plist;
				IPHONEOS_DEPLOYMENT_TARGET = 9.3;
				LD_RUNPATH_SEARCH_PATHS = "$(inherited) @executable_path/Frameworks";
				PRODUCT_BUNDLE_IDENTIFIER = htn.spd;
				PRODUCT_NAME = "$(TARGET_NAME)";
				SWIFT_OBJC_BRIDGING_HEADER = "spd/spd-Bridging-Header.h";
				SWIFT_VERSION = 3.0;
			};
			name = Release;
		};
/* End XCBuildConfiguration section */

/* Begin XCConfigurationList section */
		C6CDF8851D8DD28B00FB9177 /* Build configuration list for PBXProject "spd" */ = {
			isa = XCConfigurationList;
			buildConfigurations = (
				C6CDF89A1D8DD28B00FB9177 /* Debug */,
				C6CDF89B1D8DD28B00FB9177 /* Release */,
			);
			defaultConfigurationIsVisible = 0;
			defaultConfigurationName = Release;
		};
		C6CDF89C1D8DD28B00FB9177 /* Build configuration list for PBXNativeTarget "spd" */ = {
			isa = XCConfigurationList;
			buildConfigurations = (
				C6CDF89D1D8DD28B00FB9177 /* Debug */,
				C6CDF89E1D8DD28B00FB9177 /* Release */,
			);
			defaultConfigurationIsVisible = 0;
			defaultConfigurationName = Release;
		};
/* End XCConfigurationList section */
	};
	rootObject = C6CDF8821D8DD28B00FB9177 /* Project object */;
}
